
Microsoft Visual Studio Solution File, Format Version 12.00
# Visual Studio Version 17
VisualStudioVersion = 17.10.35027.167
MinimumVisualStudioVersion = 10.0.40219.1
Project("{9A19103F-16F7-4668-BE54-9A1E7A4F7556}") = "MiniInventory.API", "MiniInventory.API\MiniInventory.API.csproj", "{D4858570-002A-4E4A-AE2E-F97BC7E7557F}"
EndProject
Project("{9A19103F-16F7-4668-BE54-9A1E7A4F7556}") = "MiniInventory.UI", "MiniInventory.UI\MiniInventory.UI.csproj", "{1C1044A3-0701-4ECA-BD2C-CD4678FA7233}"
EndProject
Global
	GlobalSection(SolutionConfigurationPlatforms) = preSolution
		Debug|Any CPU = Debug|Any CPU
		Release|Any CPU = Release|Any CPU
	EndGlobalSection
	GlobalSection(ProjectConfigurationPlatforms) = postSolution
		{D4858570-002A-4E4A-AE2E-F97BC7E7557F}.Debug|Any CPU.ActiveCfg = Debug|Any CPU
		{D4858570-002A-4E4A-AE2E-F97BC7E7557F}.Debug|Any CPU.Build.0 = Debug|Any CPU
		{D4858570-002A-4E4A-AE2E-F97BC7E7557F}.Release|Any CPU.ActiveCfg = Release|Any CPU
		{D4858570-002A-4E4A-AE2E-F97BC7E7557F}.Release|Any CPU.Build.0 = Release|Any CPU
		{1C1044A3-0701-4ECA-BD2C-CD4678FA7233}.Debug|Any CPU.ActiveCfg = Debug|Any CPU
		{1C1044A3-0701-4ECA-BD2C-CD4678FA7233}.Debug|Any CPU.Build.0 = Debug|Any CPU
		{1C1044A3-0701-4ECA-BD2C-CD4678FA7233}.Release|Any CPU.ActiveCfg = Release|Any CPU
		{1C1044A3-0701-4ECA-BD2C-CD4678FA7233}.Release|Any CPU.Build.0 = Release|Any CPU
	EndGlobalSection
	GlobalSection(SolutionProperties) = preSolution
		HideSolutionNode = FALSE
	EndGlobalSection
	GlobalSection(ExtensibilityGlobals) = postSolution
		SolutionGuid = {2563C72D-53DF-4494-97DD-D4D10221D307}
	EndGlobalSection
EndGlobal
